// !$*UTF8*$!
{
	archiveVersion = 1;
	classes = {
	};
	objectVersion = 50;
	objects = {

/* Begin PBXBuildFile section */
		849DB798225B82AA00A48AA0 /* AppDelegate.swift in Sources */ = {isa = PBXBuildFile; fileRef = 849DB797225B82AA00A48AA0 /* AppDelegate.swift */; };
		849DB79A225B82AA00A48AA0 /* ViewController.swift in Sources */ = {isa = PBXBuildFile; fileRef = 849DB799225B82AA00A48AA0 /* ViewController.swift */; };
		849DB79D225B82AA00A48AA0 /* Main.storyboard in Resources */ = {isa = PBXBuildFile; fileRef = 849DB79B225B82AA00A48AA0 /* Main.storyboard */; };
		849DB79F225B82AC00A48AA0 /* Assets.xcassets in Resources */ = {isa = PBXBuildFile; fileRef = 849DB79E225B82AC00A48AA0 /* Assets.xcassets */; };
		849DB7A2225B82AC00A48AA0 /* LaunchScreen.storyboard in Resources */ = {isa = PBXBuildFile; fileRef = 849DB7A0225B82AC00A48AA0 /* LaunchScreen.storyboard */; };
		849DB7AD225B82AC00A48AA0 /* AutoLayoutByCodeTests.swift in Sources */ = {isa = PBXBuildFile; fileRef = 849DB7AC225B82AC00A48AA0 /* AutoLayoutByCodeTests.swift */; };
		849DB7B8225B82AC00A48AA0 /* AutoLayoutByCodeUITests.swift in Sources */ = {isa = PBXBuildFile; fileRef = 849DB7B7225B82AC00A48AA0 /* AutoLayoutByCodeUITests.swift */; };
/* End PBXBuildFile section */

/* Begin PBXContainerItemProxy section */
		849DB7A9225B82AC00A48AA0 /* PBXContainerItemProxy */ = {
			isa = PBXContainerItemProxy;
			containerPortal = 849DB78C225B82AA00A48AA0 /* Project object */;
			proxyType = 1;
			remoteGlobalIDString = 849DB793225B82AA00A48AA0;
			remoteInfo = AutoLayoutByCode;
		};
		849DB7B4225B82AC00A48AA0 /* PBXContainerItemProxy */ = {
			isa = PBXContainerItemProxy;
			containerPortal = 849DB78C225B82AA00A48AA0 /* Project object */;
			proxyType = 1;
			remoteGlobalIDString = 849DB793225B82AA00A48AA0;
			remoteInfo = AutoLayoutByCode;
		};
/* End PBXContainerItemProxy section */

/* Begin PBXFileReference section */
		849DB794225B82AA00A48AA0 /* AutoLayoutByCode.app */ = {isa = PBXFileReference; explicitFileType = wrapper.application; includeInIndex = 0; path = AutoLayoutByCode.app; sourceTree = BUILT_PRODUCTS_DIR; };
		849DB797225B82AA00A48AA0 /* AppDelegate.swift */ = {isa = PBXFileReference; lastKnownFileType = sourcecode.swift; path = AppDelegate.swift; sourceTree = "<group>"; };
		849DB799225B82AA00A48AA0 /* ViewController.swift */ = {isa = PBXFileReference; lastKnownFileType = sourcecode.swift; path = ViewController.swift; sourceTree = "<group>"; };
		849DB79C225B82AA00A48AA0 /* Base */ = {isa = PBXFileReference; lastKnownFileType = file.storyboard; name = Base; path = Base.lproj/Main.storyboard; sourceTree = "<group>"; };
		849DB79E225B82AC00A48AA0 /* Assets.xcassets */ = {isa = PBXFileReference; lastKnownFileType = folder.assetcatalog; path = Assets.xcassets; sourceTree = "<group>"; };
		849DB7A1225B82AC00A48AA0 /* Base */ = {isa = PBXFileReference; lastKnownFileType = file.storyboard; name = Base; path = Base.lproj/LaunchScreen.storyboard; sourceTree = "<group>"; };
		849DB7A3225B82AC00A48AA0 /* Info.plist */ = {isa = PBXFileReference; lastKnownFileType = text.plist.xml; path = Info.plist; sourceTree = "<group>"; };
		849DB7A8225B82AC00A48AA0 /* AutoLayoutByCodeTests.xctest */ = {isa = PBXFileReference; explicitFileType = wrapper.cfbundle; includeInIndex = 0; path = AutoLayoutByCodeTests.xctest; sourceTree = BUILT_PRODUCTS_DIR; };
		849DB7AC225B82AC00A48AA0 /* AutoLayoutByCodeTests.swift */ = {isa = PBXFileReference; lastKnownFileType = sourcecode.swift; path = AutoLayoutByCodeTests.swift; sourceTree = "<group>"; };
		849DB7AE225B82AC00A48AA0 /* Info.plist */ = {isa = PBXFileReference; lastKnownFileType = text.plist.xml; path = Info.plist; sourceTree = "<group>"; };
		849DB7B3225B82AC00A48AA0 /* AutoLayoutByCodeUITests.xctest */ = {isa = PBXFileReference; explicitFileType = wrapper.cfbundle; includeInIndex = 0; path = AutoLayoutByCodeUITests.xctest; sourceTree = BUILT_PRODUCTS_DIR; };
		849DB7B7225B82AC00A48AA0 /* AutoLayoutByCodeUITests.swift */ = {isa = PBXFileReference; lastKnownFileType = sourcecode.swift; path = AutoLayoutByCodeUITests.swift; sourceTree = "<group>"; };
		849DB7B9225B82AC00A48AA0 /* Info.plist */ = {isa = PBXFileReference; lastKnownFileType = text.plist.xml; path = Info.plist; sourceTree = "<group>"; };
/* End PBXFileReference section */

/* Begin PBXFrameworksBuildPhase section */
		849DB791225B82AA00A48AA0 /* Frameworks */ = {
			isa = PBXFrameworksBuildPhase;
			buildActionMask = 2147483647;
			files = (
			);
			runOnlyForDeploymentPostprocessing = 0;
		};
		849DB7A5225B82AC00A48AA0 /* Frameworks */ = {
			isa = PBXFrameworksBuildPhase;
			buildActionMask = 2147483647;
			files = (
			);
			runOnlyForDeploymentPostprocessing = 0;
		};
		849DB7B0225B82AC00A48AA0 /* Frameworks */ = {
			isa = PBXFrameworksBuildPhase;
			buildActionMask = 2147483647;
			files = (
			);
			runOnlyForDeploymentPostprocessing = 0;
		};
/* End PBXFrameworksBuildPhase section */

/* Begin PBXGroup section */
		849DB78B225B82AA00A48AA0 = {
			isa = PBXGroup;
			children = (
				849DB796225B82AA00A48AA0 /* AutoLayoutByCode */,
				849DB7AB225B82AC00A48AA0 /* AutoLayoutByCodeTests */,
				849DB7B6225B82AC00A48AA0 /* AutoLayoutByCodeUITests */,
				849DB795225B82AA00A48AA0 /* Products */,
			);
			sourceTree = "<group>";
		};
		849DB795225B82AA00A48AA0 /* Products */ = {
			isa = PBXGroup;
			children = (
				849DB794225B82AA00A48AA0 /* AutoLayoutByCode.app */,
				849DB7A8225B82AC00A48AA0 /* AutoLayoutByCodeTests.xctest */,
				849DB7B3225B82AC00A48AA0 /* AutoLayoutByCodeUITests.xctest */,
			);
			name = Products;
			sourceTree = "<group>";
		};
		849DB796225B82AA00A48AA0 /* AutoLayoutByCode */ = {
			isa = PBXGroup;
			children = (
				849DB797225B82AA00A48AA0 /* AppDelegate.swift */,
				849DB799225B82AA00A48AA0 /* ViewController.swift */,
				849DB79B225B82AA00A48AA0 /* Main.storyboard */,
				849DB79E225B82AC00A48AA0 /* Assets.xcassets */,
				849DB7A0225B82AC00A48AA0 /* LaunchScreen.storyboard */,
				849DB7A3225B82AC00A48AA0 /* Info.plist */,
			);
			path = AutoLayoutByCode;
			sourceTree = "<group>";
		};
		849DB7AB225B82AC00A48AA0 /* AutoLayoutByCodeTests */ = {
			isa = PBXGroup;
			children = (
				849DB7AC225B82AC00A48AA0 /* AutoLayoutByCodeTests.swift */,
				849DB7AE225B82AC00A48AA0 /* Info.plist */,
			);
			path = AutoLayoutByCodeTests;
			sourceTree = "<group>";
		};
		849DB7B6225B82AC00A48AA0 /* AutoLayoutByCodeUITests */ = {
			isa = PBXGroup;
			children = (
				849DB7B7225B82AC00A48AA0 /* AutoLayoutByCodeUITests.swift */,
				849DB7B9225B82AC00A48AA0 /* Info.plist */,
			);
			path = AutoLayoutByCodeUITests;
			sourceTree = "<group>";
		};
/* End PBXGroup section */

/* Begin PBXNativeTarget section */
		849DB793225B82AA00A48AA0 /* AutoLayoutByCode */ = {
			isa = PBXNativeTarget;
			buildConfigurationList = 849DB7BC225B82AC00A48AA0 /* Build configuration list for PBXNativeTarget "AutoLayoutByCode" */;
			buildPhases = (
				849DB790225B82AA00A48AA0 /* Sources */,
				849DB791225B82AA00A48AA0 /* Frameworks */,
				849DB792225B82AA00A48AA0 /* Resources */,
			);
			buildRules = (
			);
			dependencies = (
			);
			name = AutoLayoutByCode;
			productName = AutoLayoutByCode;
			productReference = 849DB794225B82AA00A48AA0 /* AutoLayoutByCode.app */;
			productType = "com.apple.product-type.application";
		};
		849DB7A7225B82AC00A48AA0 /* AutoLayoutByCodeTests */ = {
			isa = PBXNativeTarget;
			buildConfigurationList = 849DB7BF225B82AC00A48AA0 /* Build configuration list for PBXNativeTarget "AutoLayoutByCodeTests" */;
			buildPhases = (
				849DB7A4225B82AC00A48AA0 /* Sources */,
				849DB7A5225B82AC00A48AA0 /* Frameworks */,
				849DB7A6225B82AC00A48AA0 /* Resources */,
			);
			buildRules = (
			);
			dependencies = (
				849DB7AA225B82AC00A48AA0 /* PBXTargetDependency */,
			);
			name = AutoLayoutByCodeTests;
			productName = AutoLayoutByCodeTests;
			productReference = 849DB7A8225B82AC00A48AA0 /* AutoLayoutByCodeTests.xctest */;
			productType = "com.apple.product-type.bundle.unit-test";
		};
		849DB7B2225B82AC00A48AA0 /* AutoLayoutByCodeUITests */ = {
			isa = PBXNativeTarget;
			buildConfigurationList = 849DB7C2225B82AC00A48AA0 /* Build configuration list for PBXNativeTarget "AutoLayoutByCodeUITests" */;
			buildPhases = (
				849DB7AF225B82AC00A48AA0 /* Sources */,
				849DB7B0225B82AC00A48AA0 /* Frameworks */,
				849DB7B1225B82AC00A48AA0 /* Resources */,
			);
			buildRules = (
			);
			dependencies = (
				849DB7B5225B82AC00A48AA0 /* PBXTargetDependency */,
			);
			name = AutoLayoutByCodeUITests;
			productName = AutoLayoutByCodeUITests;
			productReference = 849DB7B3225B82AC00A48AA0 /* AutoLayoutByCodeUITests.xctest */;
			productType = "com.apple.product-type.bundle.ui-testing";
		};
/* End PBXNativeTarget section */

/* Begin PBXProject section */
		849DB78C225B82AA00A48AA0 /* Project object */ = {
			isa = PBXProject;
			attributes = {
				LastSwiftUpdateCheck = 1010;
				LastUpgradeCheck = 1010;
				ORGANIZATIONNAME = "Đinh Văn Nhật";
				TargetAttributes = {
					849DB793225B82AA00A48AA0 = {
						CreatedOnToolsVersion = 10.1;
					};
					849DB7A7225B82AC00A48AA0 = {
						CreatedOnToolsVersion = 10.1;
						TestTargetID = 849DB793225B82AA00A48AA0;
					};
					849DB7B2225B82AC00A48AA0 = {
						CreatedOnToolsVersion = 10.1;
						TestTargetID = 849DB793225B82AA00A48AA0;
					};
				};
			};
			buildConfigurationList = 849DB78F225B82AA00A48AA0 /* Build configuration list for PBXProject "AutoLayoutByCode" */;
			compatibilityVersion = "Xcode 9.3";
			developmentRegion = en;
			hasScannedForEncodings = 0;
			knownRegions = (
				en,
				Base,
			);
			mainGroup = 849DB78B225B82AA00A48AA0;
			productRefGroup = 849DB795225B82AA00A48AA0 /* Products */;
			projectDirPath = "";
			projectRoot = "";
			targets = (
				849DB793225B82AA00A48AA0 /* AutoLayoutByCode */,
				849DB7A7225B82AC00A48AA0 /* AutoLayoutByCodeTests */,
				849DB7B2225B82AC00A48AA0 /* AutoLayoutByCodeUITests */,
			);
		};
/* End PBXProject section */

/* Begin PBXResourcesBuildPhase section */
		849DB792225B82AA00A48AA0 /* Resources */ = {
			isa = PBXResourcesBuildPhase;
			buildActionMask = 2147483647;
			files = (
				849DB7A2225B82AC00A48AA0 /* LaunchScreen.storyboard in Resources */,
				849DB79F225B82AC00A48AA0 /* Assets.xcassets in Resources */,
				849DB79D225B82AA00A48AA0 /* Main.storyboard in Resources */,
			);
			runOnlyForDeploymentPostprocessing = 0;
		};
		849DB7A6225B82AC00A48AA0 /* Resources */ = {
			isa = PBXResourcesBuildPhase;
			buildActionMask = 2147483647;
			files = (
			);
			runOnlyForDeploymentPostprocessing = 0;
		};
		849DB7B1225B82AC00A48AA0 /* Resources */ = {
			isa = PBXResourcesBuildPhase;
			buildActionMask = 2147483647;
			files = (
			);
			runOnlyForDeploymentPostprocessing = 0;
		};
/* End PBXResourcesBuildPhase section */

/* Begin PBXSourcesBuildPhase section */
		849DB790225B82AA00A48AA0 /* Sources */ = {
			isa = PBXSourcesBuildPhase;
			buildActionMask = 2147483647;
			files = (
				849DB79A225B82AA00A48AA0 /* ViewController.swift in Sources */,
				849DB798225B82AA00A48AA0 /* AppDelegate.swift in Sources */,
			);
			runOnlyForDeploymentPostprocessing = 0;
		};
		849DB7A4225B82AC00A48AA0 /* Sources */ = {
			isa = PBXSourcesBuildPhase;
			buildActionMask = 2147483647;
			files = (
				849DB7AD225B82AC00A48AA0 /* AutoLayoutByCodeTests.swift in Sources */,
			);
			runOnlyForDeploymentPostprocessing = 0;
		};
		849DB7AF225B82AC00A48AA0 /* Sources */ = {
			isa = PBXSourcesBuildPhase;
			buildActionMask = 2147483647;
			files = (
				849DB7B8225B82AC00A48AA0 /* AutoLayoutByCodeUITests.swift in Sources */,
			);
			runOnlyForDeploymentPostprocessing = 0;
		};
/* End PBXSourcesBuildPhase section */

/* Begin PBXTargetDependency section */
		849DB7AA225B82AC00A48AA0 /* PBXTargetDependency */ = {
			isa = PBXTargetDependency;
			target = 849DB793225B82AA00A48AA0 /* AutoLayoutByCode */;
			targetProxy = 849DB7A9225B82AC00A48AA0 /* PBXContainerItemProxy */;
		};
		849DB7B5225B82AC00A48AA0 /* PBXTargetDependency */ = {
			isa = PBXTargetDependency;
			target = 849DB793225B82AA00A48AA0 /* AutoLayoutByCode */;
			targetProxy = 849DB7B4225B82AC00A48AA0 /* PBXContainerItemProxy */;
		};
/* End PBXTargetDependency section */

/* Begin PBXVariantGroup section */
		849DB79B225B82AA00A48AA0 /* Main.storyboard */ = {
			isa = PBXVariantGroup;
			children = (
				849DB79C225B82AA00A48AA0 /* Base */,
			);
			name = Main.storyboard;
			sourceTree = "<group>";
		};
		849DB7A0225B82AC00A48AA0 /* LaunchScreen.storyboard */ = {
			isa = PBXVariantGroup;
			children = (
				849DB7A1225B82AC00A48AA0 /* Base */,
			);
			name = LaunchScreen.storyboard;
			sourceTree = "<group>";
		};
/* End PBXVariantGroup section */

/* Begin XCBuildConfiguration section */
		849DB7BA225B82AC00A48AA0 /* Debug */ = {
			isa = XCBuildConfiguration;
			buildSettings = {
				ALWAYS_SEARCH_USER_PATHS = NO;
				CLANG_ANALYZER_NONNULL = YES;
				CLANG_ANALYZER_NUMBER_OBJECT_CONVERSION = YES_AGGRESSIVE;
				CLANG_CXX_LANGUAGE_STANDARD = "gnu++14";
				CLANG_CXX_LIBRARY = "libc++";
				CLANG_ENABLE_MODULES = YES;
				CLANG_ENABLE_OBJC_ARC = YES;
				CLANG_ENABLE_OBJC_WEAK = YES;
				CLANG_WARN_BLOCK_CAPTURE_AUTORELEASING = YES;
				CLANG_WARN_BOOL_CONVERSION = YES;
				CLANG_WARN_COMMA = YES;
				CLANG_WARN_CONSTANT_CONVERSION = YES;
				CLANG_WARN_DEPRECATED_OBJC_IMPLEMENTATIONS = YES;
				CLANG_WARN_DIRECT_OBJC_ISA_USAGE = YES_ERROR;
				CLANG_WARN_DOCUMENTATION_COMMENTS = YES;
				CLANG_WARN_EMPTY_BODY = YES;
				CLANG_WARN_ENUM_CONVERSION = YES;
				CLANG_WARN_INFINITE_RECURSION = YES;
				CLANG_WARN_INT_CONVERSION = YES;
				CLANG_WARN_NON_LITERAL_NULL_CONVERSION = YES;
				CLANG_WARN_OBJC_IMPLICIT_RETAIN_SELF = YES;
				CLANG_WARN_OBJC_LITERAL_CONVERSION = YES;
				CLANG_WARN_OBJC_ROOT_CLASS = YES_ERROR;
				CLANG_WARN_RANGE_LOOP_ANALYSIS = YES;
				CLANG_WARN_STRICT_PROTOTYPES = YES;
				CLANG_WARN_SUSPICIOUS_MOVE = YES;
				CLANG_WARN_UNGUARDED_AVAILABILITY = YES_AGGRESSIVE;
				CLANG_WARN_UNREACHABLE_CODE = YES;
				CLANG_WARN__DUPLICATE_METHOD_MATCH = YES;
				CODE_SIGN_IDENTITY = "iPhone Developer";
				COPY_PHASE_STRIP = NO;
				DEBUG_INFORMATION_FORMAT = dwarf;
				ENABLE_STRICT_OBJC_MSGSEND = YES;
				ENABLE_TESTABILITY = YES;
				GCC_C_LANGUAGE_STANDARD = gnu11;
				GCC_DYNAMIC_NO_PIC = NO;
				GCC_NO_COMMON_BLOCKS = YES;
				GCC_OPTIMIZATION_LEVEL = 0;
				GCC_PREPROCESSOR_DEFINITIONS = (
					"DEBUG=1",
					"$(inherited)",
				);
				GCC_WARN_64_TO_32_BIT_CONVERSION = YES;
				GCC_WARN_ABOUT_RETURN_TYPE = YES_ERROR;
				GCC_WARN_UNDECLARED_SELECTOR = YES;
				GCC_WARN_UNINITIALIZED_AUTOS = YES_AGGRESSIVE;
				GCC_WARN_UNUSED_FUNCTION = YES;
				GCC_WARN_UNUSED_VARIABLE = YES;
				IPHONEOS_DEPLOYMENT_TARGET = 12.1;
				MTL_ENABLE_DEBUG_INFO = INCLUDE_SOURCE;
				MTL_FAST_MATH = YES;
				ONLY_ACTIVE_ARCH = YES;
				SDKROOT = iphoneos;
				SWIFT_ACTIVE_COMPILATION_CONDITIONS = DEBUG;
				SWIFT_OPTIMIZATION_LEVEL = "-Onone";
			};
			name = Debug;
		};
		849DB7BB225B82AC00A48AA0 /* Release */ = {
			isa = XCBuildConfiguration;
			buildSettings = {
				ALWAYS_SEARCH_USER_PATHS = NO;
				CLANG_ANALYZER_NONNULL = YES;
				CLANG_ANALYZER_NUMBER_OBJECT_CONVERSION = YES_AGGRESSIVE;
				CLANG_CXX_LANGUAGE_STANDARD = "gnu++14";
				CLANG_CXX_LIBRARY = "libc++";
				CLANG_ENABLE_MODULES = YES;
				CLANG_ENABLE_OBJC_ARC = YES;
				CLANG_ENABLE_OBJC_WEAK = YES;
				CLANG_WARN_BLOCK_CAPTURE_AUTORELEASING = YES;
				CLANG_WARN_BOOL_CONVERSION = YES;
				CLANG_WARN_COMMA = YES;
				CLANG_WARN_CONSTANT_CONVERSION = YES;
				CLANG_WARN_DEPRECATED_OBJC_IMPLEMENTATIONS = YES;
				CLANG_WARN_DIRECT_OBJC_ISA_USAGE = YES_ERROR;
				CLANG_WARN_DOCUMENTATION_COMMENTS = YES;
				CLANG_WARN_EMPTY_BODY = YES;
				CLANG_WARN_ENUM_CONVERSION = YES;
				CLANG_WARN_INFINITE_RECURSION = YES;
				CLANG_WARN_INT_CONVERSION = YES;
				CLANG_WARN_NON_LITERAL_NULL_CONVERSION = YES;
				CLANG_WARN_OBJC_IMPLICIT_RETAIN_SELF = YES;
				CLANG_WARN_OBJC_LITERAL_CONVERSION = YES;
				CLANG_WARN_OBJC_ROOT_CLASS = YES_ERROR;
				CLANG_WARN_RANGE_LOOP_ANALYSIS = YES;
				CLANG_WARN_STRICT_PROTOTYPES = YES;
				CLANG_WARN_SUSPICIOUS_MOVE = YES;
				CLANG_WARN_UNGUARDED_AVAILABILITY = YES_AGGRESSIVE;
				CLANG_WARN_UNREACHABLE_CODE = YES;
				CLANG_WARN__DUPLICATE_METHOD_MATCH = YES;
				CODE_SIGN_IDENTITY = "iPhone Developer";
				COPY_PHASE_STRIP = NO;
				DEBUG_INFORMATION_FORMAT = "dwarf-with-dsym";
				ENABLE_NS_ASSERTIONS = NO;
				ENABLE_STRICT_OBJC_MSGSEND = YES;
				GCC_C_LANGUAGE_STANDARD = gnu11;
				GCC_NO_COMMON_BLOCKS = YES;
				GCC_WARN_64_TO_32_BIT_CONVERSION = YES;
				GCC_WARN_ABOUT_RETURN_TYPE = YES_ERROR;
				GCC_WARN_UNDECLARED_SELECTOR = YES;
				GCC_WARN_UNINITIALIZED_AUTOS = YES_AGGRESSIVE;
				GCC_WARN_UNUSED_FUNCTION = YES;
				GCC_WARN_UNUSED_VARIABLE = YES;
				IPHONEOS_DEPLOYMENT_TARGET = 12.1;
				MTL_ENABLE_DEBUG_INFO = NO;
				MTL_FAST_MATH = YES;
				SDKROOT = iphoneos;
				SWIFT_COMPILATION_MODE = wholemodule;
				SWIFT_OPTIMIZATION_LEVEL = "-O";
				VALIDATE_PRODUCT = YES;
			};
			name = Release;
		};
		849DB7BD225B82AC00A48AA0 /* Debug */ = {
			isa = XCBuildConfiguration;
			buildSettings = {
				ASSETCATALOG_COMPILER_APPICON_NAME = AppIcon;
				CODE_SIGN_STYLE = Automatic;
				DEVELOPMENT_TEAM = 54U5NB9QG8;
				INFOPLIST_FILE = AutoLayoutByCode/Info.plist;
				LD_RUNPATH_SEARCH_PATHS = (
					"$(inherited)",
					"@executable_path/Frameworks",
				);
				PRODUCT_BUNDLE_IDENTIFIER = com.nhat.AutoLayoutByCode;
				PRODUCT_NAME = "$(TARGET_NAME)";
				SWIFT_VERSION = 4.2;
				TARGETED_DEVICE_FAMILY = "1,2";
			};
			name = Debug;
		};
		849DB7BE225B82AC00A48AA0 /* Release */ = {
			isa = XCBuildConfiguration;
			buildSettings = {
				ASSETCATALOG_COMPILER_APPICON_NAME = AppIcon;
				CODE_SIGN_STYLE = Automatic;
				DEVELOPMENT_TEAM = 54U5NB9QG8;
				INFOPLIST_FILE = AutoLayoutByCode/Info.plist;
				LD_RUNPATH_SEARCH_PATHS = (
					"$(inherited)",
					"@executable_path/Frameworks",
				);
				PRODUCT_BUNDLE_IDENTIFIER = com.nhat.AutoLayoutByCode;
				PRODUCT_NAME = "$(TARGET_NAME)";
				SWIFT_VERSION = 4.2;
				TARGETED_DEVICE_FAMILY = "1,2";
			};
			name = Release;
		};
		849DB7C0225B82AC00A48AA0 /* Debug */ = {
			isa = XCBuildConfiguration;
			buildSettings = {
				ALWAYS_EMBED_SWIFT_STANDARD_LIBRARIES = YES;
				BUNDLE_LOADER = "$(TEST_HOST)";
				CODE_SIGN_STYLE = Automatic;
				DEVELOPMENT_TEAM = 54U5NB9QG8;
				INFOPLIST_FILE = AutoLayoutByCodeTests/Info.plist;
				LD_RUNPATH_SEARCH_PATHS = (
					"$(inherited)",
					"@executable_path/Frameworks",
					"@loader_path/Frameworks",
				);
				PRODUCT_BUNDLE_IDENTIFIER = com.nhat.AutoLayoutByCodeTests;
				PRODUCT_NAME = "$(TARGET_NAME)";
				SWIFT_VERSION = 4.2;
				TARGETED_DEVICE_FAMILY = "1,2";
				TEST_HOST = "$(BUILT_PRODUCTS_DIR)/AutoLayoutByCode.app/AutoLayoutByCode";
			};
			name = Debug;
		};
		849DB7C1225B82AC00A48AA0 /* Release */ = {
			isa = XCBuildConfiguration;
			buildSettings = {
				ALWAYS_EMBED_SWIFT_STANDARD_LIBRARIES = YES;
				BUNDLE_LOADER = "$(TEST_HOST)";
				CODE_SIGN_STYLE = Automatic;
				DEVELOPMENT_TEAM = 54U5NB9QG8;
				INFOPLIST_FILE = AutoLayoutByCodeTests/Info.plist;
				LD_RUNPATH_SEARCH_PATHS = (
					"$(inherited)",
					"@executable_path/Frameworks",
					"@loader_path/Frameworks",
				);
				PRODUCT_BUNDLE_IDENTIFIER = com.nhat.AutoLayoutByCodeTests;
				PRODUCT_NAME = "$(TARGET_NAME)";
				SWIFT_VERSION = 4.2;
				TARGETED_DEVICE_FAMILY = "1,2";
				TEST_HOST = "$(BUILT_PRODUCTS_DIR)/AutoLayoutByCode.app/AutoLayoutByCode";
			};
			name = Release;
		};
		849DB7C3225B82AC00A48AA0 /* Debug */ = {
			isa = XCBuildConfiguration;
			buildSettings = {
				ALWAYS_EMBED_SWIFT_STANDARD_LIBRARIES = YES;
				CODE_SIGN_STYLE = Automatic;
				DEVELOPMENT_TEAM = 54U5NB9QG8;
				INFOPLIST_FILE = AutoLayoutByCodeUITests/Info.plist;
				LD_RUNPATH_SEARCH_PATHS = (
					"$(inherited)",
					"@executable_path/Frameworks",
					"@loader_path/Frameworks",
				);
				PRODUCT_BUNDLE_IDENTIFIER = com.nhat.AutoLayoutByCodeUITests;
				PRODUCT_NAME = "$(TARGET_NAME)";
				SWIFT_VERSION = 4.2;
				TARGETED_DEVICE_FAMILY = "1,2";
				TEST_TARGET_NAME = AutoLayoutByCode;
			};
			name = Debug;
		};
		849DB7C4225B82AC00A48AA0 /* Release */ = {
			isa = XCBuildConfiguration;
			buildSettings = {
				ALWAYS_EMBED_SWIFT_STANDARD_LIBRARIES = YES;
				CODE_SIGN_STYLE = Automatic;
				DEVELOPMENT_TEAM = 54U5NB9QG8;
				INFOPLIST_FILE = AutoLayoutByCodeUITests/Info.plist;
				LD_RUNPATH_SEARCH_PATHS = (
					"$(inherited)",
					"@executable_path/Frameworks",
					"@loader_path/Frameworks",
				);
				PRODUCT_BUNDLE_IDENTIFIER = com.nhat.AutoLayoutByCodeUITests;
				PRODUCT_NAME = "$(TARGET_NAME)";
				SWIFT_VERSION = 4.2;
				TARGETED_DEVICE_FAMILY = "1,2";
				TEST_TARGET_NAME = AutoLayoutByCode;
			};
			name = Release;
		};
/* End XCBuildConfiguration section */

/* Begin XCConfigurationList section */
		849DB78F225B82AA00A48AA0 /* Build configuration list for PBXProject "AutoLayoutByCode" */ = {
			isa = XCConfigurationList;
			buildConfigurations = (
				849DB7BA225B82AC00A48AA0 /* Debug */,
				849DB7BB225B82AC00A48AA0 /* Release */,
			);
			defaultConfigurationIsVisible = 0;
			defaultConfigurationName = Release;
		};
		849DB7BC225B82AC00A48AA0 /* Build configuration list for PBXNativeTarget "AutoLayoutByCode" */ = {
			isa = XCConfigurationList;
			buildConfigurations = (
				849DB7BD225B82AC00A48AA0 /* Debug */,
				849DB7BE225B82AC00A48AA0 /* Release */,
			);
			defaultConfigurationIsVisible = 0;
			defaultConfigurationName = Release;
		};
		849DB7BF225B82AC00A48AA0 /* Build configuration list for PBXNativeTarget "AutoLayoutByCodeTests" */ = {
			isa = XCConfigurationList;
			buildConfigurations = (
				849DB7C0225B82AC00A48AA0 /* Debug */,
				849DB7C1225B82AC00A48AA0 /* Release */,
			);
			defaultConfigurationIsVisible = 0;
			defaultConfigurationName = Release;
		};
		849DB7C2225B82AC00A48AA0 /* Build configuration list for PBXNativeTarget "AutoLayoutByCodeUITests" */ = {
			isa = XCConfigurationList;
			buildConfigurations = (
				849DB7C3225B82AC00A48AA0 /* Debug */,
				849DB7C4225B82AC00A48AA0 /* Release */,
			);
			defaultConfigurationIsVisible = 0;
			defaultConfigurationName = Release;
		};
/* End XCConfigurationList section */
	};
	rootObject = 849DB78C225B82AA00A48AA0 /* Project object */;
}
